
Microsoft Visual Studio Solution File, Format Version 12.00
# Visual Studio 15
Project("{FAE04EC0-301F-11D3-BF4B-00C04F79EFBC}") = "Assembly-CSharp", "Assembly-CSharp.csproj", "{AF8089AA-641A-E421-2AB3-B56A3AEA67E6}"
EndProject
Project("{FAE04EC0-301F-11D3-BF4B-00C04F79EFBC}") = "Assembly-CSharp-firstpass", "Assembly-CSharp-firstpass.csproj", "{8FA24833-2D89-3A6B-A9FE-4CB6C4111B3B}"
EndProject
Project("{FAE04EC0-301F-11D3-BF4B-00C04F79EFBC}") = "Assembly-CSharp-Editor-firstpass", "Assembly-CSharp-Editor-firstpass.csproj", "{99EC16C1-9486-617C-E092-DC3B5BB7C801}"
EndProject
Global
	GlobalSection(SolutionConfigurationPlatforms) = preSolution
		Debug|Any CPU = Debug|Any CPU
		Release|Any CPU = Release|Any CPU
	EndGlobalSection
	GlobalSection(ProjectConfigurationPlatforms) = postSolution
		{AF8089AA-641A-E421-2AB3-B56A3AEA67E6}.Debug|Any CPU.ActiveCfg = Debug|Any CPU
		{AF8089AA-641A-E421-2AB3-B56A3AEA67E6}.Debug|Any CPU.Build.0 = Debug|Any CPU
		{AF8089AA-641A-E421-2AB3-B56A3AEA67E6}.Release|Any CPU.ActiveCfg = Release|Any CPU
		{AF8089AA-641A-E421-2AB3-B56A3AEA67E6}.Release|Any CPU.Build.0 = Release|Any CPU
		{8FA24833-2D89-3A6B-A9FE-4CB6C4111B3B}.Debug|Any CPU.ActiveCfg = Debug|Any CPU
		{8FA24833-2D89-3A6B-A9FE-4CB6C4111B3B}.Debug|Any CPU.Build.0 = Debug|Any CPU
		{8FA24833-2D89-3A6B-A9FE-4CB6C4111B3B}.Release|Any CPU.ActiveCfg = Release|Any CPU
		{8FA24833-2D89-3A6B-A9FE-4CB6C4111B3B}.Release|Any CPU.Build.0 = Release|Any CPU
		{99EC16C1-9486-617C-E092-DC3B5BB7C801}.Debug|Any CPU.ActiveCfg = Debug|Any CPU
		{99EC16C1-9486-617C-E092-DC3B5BB7C801}.Debug|Any CPU.Build.0 = Debug|Any CPU
		{99EC16C1-9486-617C-E092-DC3B5BB7C801}.Release|Any CPU.ActiveCfg = Release|Any CPU
		{99EC16C1-9486-617C-E092-DC3B5BB7C801}.Release|Any CPU.Build.0 = Release|Any CPU
	EndGlobalSection
	GlobalSection(SolutionProperties) = preSolution
		HideSolutionNode = FALSE
	EndGlobalSection
EndGlobal
